PODS:
  - BackButtonHandler (1.0.0)

DEPENDENCIES:
  - BackButtonHandler

SPEC REPOS:
  https://github.com/CocoaPods/Specs.git:
    - BackButtonHandler

SPEC CHECKSUMS:
  BackButtonHandler: 8ace60d1e870b4242b5d462203d6ecbe9e40e652

PODFILE CHECKSUM: fe83a0d5a840b6dc993e6aa41e18909397b10d75

COCOAPODS: 1.5.0
