// !$*UTF8*$!
{
	archiveVersion = 1;
	classes = {
	};
	objectVersion = 46;
	objects = {

/* Begin PBXBuildFile section */
		A404A52E1B8118AA00B82B29 /* AVPlayerItem+THAdditions.m in Sources */ = {isa = PBXBuildFile; fileRef = A404A52D1B8118AA00B82B29 /* AVPlayerItem+THAdditions.m */; };
		A404A5301B81CBA000B82B29 /* StoryElementVC.swift in Sources */ = {isa = PBXBuildFile; fileRef = A404A52F1B81CBA000B82B29 /* StoryElementVC.swift */; };
		A42BDD4F1B67BAA6003CA999 /* ALAssetsLibrary+CustomPhotoAlbum.m in Sources */ = {isa = PBXBuildFile; fileRef = A42BDD4E1B67BAA6003CA999 /* ALAssetsLibrary+CustomPhotoAlbum.m */; };
		A42BDD561B67EF97003CA999 /* StoryLine+CoreDataProperties.swift in Sources */ = {isa = PBXBuildFile; fileRef = A42BDD541B67EF97003CA999 /* StoryLine+CoreDataProperties.swift */; };
		A42BDD571B67EF97003CA999 /* StoryLine.swift in Sources */ = {isa = PBXBuildFile; fileRef = A42BDD551B67EF97003CA999 /* StoryLine.swift */; };
		A44094E91B5CE6250061AF97 /* TitleCard.swift in Sources */ = {isa = PBXBuildFile; fileRef = A44094E71B5CE6250061AF97 /* TitleCard.swift */; };
		A44121121B96048500BBB020 /* FilmstripView.swift in Sources */ = {isa = PBXBuildFile; fileRef = A44121111B96048500BBB020 /* FilmstripView.swift */; };
		A44C2DAA1B4ACE9E00985D5C /* DraggableCollectionViewCell.swift in Sources */ = {isa = PBXBuildFile; fileRef = A44C2DA91B4ACE9E00985D5C /* DraggableCollectionViewCell.swift */; };
		A44CE8F31B600B2E00953B7F /* VideoHelper.m in Sources */ = {isa = PBXBuildFile; fileRef = A44CE8F21B600B2E00953B7F /* VideoHelper.m */; };
		A4664ABA1B444BA80095B27D /* AppDelegate.swift in Sources */ = {isa = PBXBuildFile; fileRef = A4664AB91B444BA80095B27D /* AppDelegate.swift */; };
		A4664ABF1B444BA80095B27D /* Main.storyboard in Resources */ = {isa = PBXBuildFile; fileRef = A4664ABD1B444BA80095B27D /* Main.storyboard */; };
		A4664AC21B444BA80095B27D /* VideoClipper.xcdatamodeld in Sources */ = {isa = PBXBuildFile; fileRef = A4664AC01B444BA80095B27D /* VideoClipper.xcdatamodeld */; };
		A4664AC41B444BA80095B27D /* Assets.xcassets in Resources */ = {isa = PBXBuildFile; fileRef = A4664AC31B444BA80095B27D /* Assets.xcassets */; };
		A4664AC71B444BA80095B27D /* LaunchScreen.storyboard in Resources */ = {isa = PBXBuildFile; fileRef = A4664AC51B444BA80095B27D /* LaunchScreen.storyboard */; };
		A4664AD21B444BA90095B27D /* VideoClipperTests.swift in Sources */ = {isa = PBXBuildFile; fileRef = A4664AD11B444BA90095B27D /* VideoClipperTests.swift */; };
		A4664ADD1B444BA90095B27D /* VideoClipperUITests.swift in Sources */ = {isa = PBXBuildFile; fileRef = A4664ADC1B444BA90095B27D /* VideoClipperUITests.swift */; };
		A4664AF61B452D680095B27D /* ProjectsVC.swift in Sources */ = {isa = PBXBuildFile; fileRef = A4664AEA1B452D680095B27D /* ProjectsVC.swift */; };
		A4664AF71B452D680095B27D /* ProjectVC.swift in Sources */ = {isa = PBXBuildFile; fileRef = A4664AEB1B452D680095B27D /* ProjectVC.swift */; };
		A4664AF91B452D680095B27D /* StoryLinesTableController.swift in Sources */ = {isa = PBXBuildFile; fileRef = A4664AED1B452D680095B27D /* StoryLinesTableController.swift */; };
		A4664AFB1B452D680095B27D /* ProjectTableCell.swift in Sources */ = {isa = PBXBuildFile; fileRef = A4664AEF1B452D680095B27D /* ProjectTableCell.swift */; };
		A4664AFD1B452D680095B27D /* StoryLineCell.swift in Sources */ = {isa = PBXBuildFile; fileRef = A4664AF11B452D680095B27D /* StoryLineCell.swift */; };
		A4664AFE1B452D680095B27D /* StoryElementCollectionCell.swift in Sources */ = {isa = PBXBuildFile; fileRef = A4664AF21B452D680095B27D /* StoryElementCollectionCell.swift */; };
		A4664AFF1B452D680095B27D /* TitleCardCollectionCell.swift in Sources */ = {isa = PBXBuildFile; fileRef = A4664AF31B452D680095B27D /* TitleCardCollectionCell.swift */; };
		A4664B001B452D680095B27D /* VideoCollectionCell.swift in Sources */ = {isa = PBXBuildFile; fileRef = A4664AF41B452D680095B27D /* VideoCollectionCell.swift */; };
		A4664B011B452D680095B27D /* TitleCardVC.swift in Sources */ = {isa = PBXBuildFile; fileRef = A4664AF51B452D680095B27D /* TitleCardVC.swift */; };
		A481EFD31B5D42940051ED93 /* TextWidget+CoreDataProperties.swift in Sources */ = {isa = PBXBuildFile; fileRef = A481EFD11B5D42940051ED93 /* TextWidget+CoreDataProperties.swift */; };
		A481EFD41B5D42940051ED93 /* TextWidget.swift in Sources */ = {isa = PBXBuildFile; fileRef = A481EFD21B5D42940051ED93 /* TextWidget.swift */; };
		A48D3B511B78DCA1007D1D79 /* SecondaryViewController.swift in Sources */ = {isa = PBXBuildFile; fileRef = A48D3B501B78DCA1007D1D79 /* SecondaryViewController.swift */; };
		A48F8B171B9C5F240091D607 /* KPCameraButton.m in Sources */ = {isa = PBXBuildFile; fileRef = A48F8B161B9C5F240091D607 /* KPCameraButton.m */; };
		A48F8B191B9C63A10091D607 /* CaptureVC.swift in Sources */ = {isa = PBXBuildFile; fileRef = A48F8B181B9C63A10091D607 /* CaptureVC.swift */; };
		A497B5441B94CDF6002BE93C /* VideoPlayerView.swift in Sources */ = {isa = PBXBuildFile; fileRef = A497B5431B94CDF6002BE93C /* VideoPlayerView.swift */; };
		A4A5F7B01B453C3F0090E98A /* StoryElement.swift in Sources */ = {isa = PBXBuildFile; fileRef = A4A5F7A61B453C3F0090E98A /* StoryElement.swift */; };
		A4A5F7B11B453C3F0090E98A /* StoryElement+CoreDataProperties.swift in Sources */ = {isa = PBXBuildFile; fileRef = A4A5F7A71B453C3F0090E98A /* StoryElement+CoreDataProperties.swift */; };
		A4AAF6A61B8B4A3C006391DE /* Fabric.framework in Frameworks */ = {isa = PBXBuildFile; fileRef = A4AAF6A41B8B4A3C006391DE /* Fabric.framework */; };
		A4AAF6A71B8B4A3C006391DE /* Crashlytics.framework in Frameworks */ = {isa = PBXBuildFile; fileRef = A4AAF6A51B8B4A3C006391DE /* Crashlytics.framework */; };
		A4BC7F321B6906B100D86E99 /* MBProgressHUD.m in Sources */ = {isa = PBXBuildFile; fileRef = A4BC7F311B6906B100D86E99 /* MBProgressHUD.m */; };
		A4BC7F351B6A1BE400D86E99 /* Project+CoreDataProperties.swift in Sources */ = {isa = PBXBuildFile; fileRef = A4BC7F331B6A1BE400D86E99 /* Project+CoreDataProperties.swift */; };
		A4BC7F361B6A1BE400D86E99 /* Project.swift in Sources */ = {isa = PBXBuildFile; fileRef = A4BC7F341B6A1BE400D86E99 /* Project.swift */; };
		A4CECB731B9464A100D8B342 /* AAPLTimedAnnotationWriter.m in Sources */ = {isa = PBXBuildFile; fileRef = A4CECB721B9464A100D8B342 /* AAPLTimedAnnotationWriter.m */; };
		A4D095B31B9092BA008F4316 /* ColorPickerViewController.swift in Sources */ = {isa = PBXBuildFile; fileRef = A4D095B21B9092BA008F4316 /* ColorPickerViewController.swift */; };
		A4D095B51B9094B1008F4316 /* colorPalette.plist in Resources */ = {isa = PBXBuildFile; fileRef = A4D095B41B9094B1008F4316 /* colorPalette.plist */; };
		A4D095B71B90A3F4008F4316 /* TitleCard+CoreDataProperties.swift in Sources */ = {isa = PBXBuildFile; fileRef = A4D095B61B90A3F4008F4316 /* TitleCard+CoreDataProperties.swift */; };
		A4D0AB921B9CB8D4002C0BD9 /* PBJGLProgram.m in Sources */ = {isa = PBXBuildFile; fileRef = A4D0AB881B9CB8D4002C0BD9 /* PBJGLProgram.m */; };
		A4D0AB931B9CB8D4002C0BD9 /* PBJMediaWriter.m in Sources */ = {isa = PBXBuildFile; fileRef = A4D0AB8A1B9CB8D4002C0BD9 /* PBJMediaWriter.m */; };
		A4D0AB941B9CB8D4002C0BD9 /* PBJVision.m in Sources */ = {isa = PBXBuildFile; fileRef = A4D0AB8C1B9CB8D4002C0BD9 /* PBJVision.m */; };
		A4D0AB951B9CB8D4002C0BD9 /* PBJVisionUtilities.m in Sources */ = {isa = PBXBuildFile; fileRef = A4D0AB8E1B9CB8D4002C0BD9 /* PBJVisionUtilities.m */; };
		A4D0AB961B9CB8D4002C0BD9 /* Shader.fsh in Resources */ = {isa = PBXBuildFile; fileRef = A4D0AB901B9CB8D4002C0BD9 /* Shader.fsh */; };
		A4D0AB971B9CB8D4002C0BD9 /* Shader.vsh in Resources */ = {isa = PBXBuildFile; fileRef = A4D0AB911B9CB8D4002C0BD9 /* Shader.vsh */; };
		A4DA9CBF1B971C2200839F28 /* StoryElementPageViewController.swift in Sources */ = {isa = PBXBuildFile; fileRef = A4DA9CBE1B971C2200839F28 /* StoryElementPageViewController.swift */; };
		A4DA9CD81B973F0F00839F28 /* ELCAlbumPickerController.m in Sources */ = {isa = PBXBuildFile; fileRef = A4DA9CC21B973F0F00839F28 /* ELCAlbumPickerController.m */; };
		A4DA9CD91B973F0F00839F28 /* ELCAsset.m in Sources */ = {isa = PBXBuildFile; fileRef = A4DA9CC41B973F0F00839F28 /* ELCAsset.m */; };
		A4DA9CDA1B973F0F00839F28 /* ELCAssetCell.m in Sources */ = {isa = PBXBuildFile; fileRef = A4DA9CC61B973F0F00839F28 /* ELCAssetCell.m */; };
		A4DA9CDB1B973F0F00839F28 /* ELCAssetTablePicker.m in Sources */ = {isa = PBXBuildFile; fileRef = A4DA9CCA1B973F0F00839F28 /* ELCAssetTablePicker.m */; };
		A4DA9CDC1B973F0F00839F28 /* ELCConsole.m in Sources */ = {isa = PBXBuildFile; fileRef = A4DA9CCC1B973F0F00839F28 /* ELCConsole.m */; };
		A4DA9CDD1B973F0F00839F28 /* ELCImagePickerController.m in Sources */ = {isa = PBXBuildFile; fileRef = A4DA9CCE1B973F0F00839F28 /* ELCImagePickerController.m */; };
		A4DA9CDE1B973F0F00839F28 /* ELCOverlayImageView.m in Sources */ = {isa = PBXBuildFile; fileRef = A4DA9CD11B973F0F00839F28 /* ELCOverlayImageView.m */; };
		A4DA9CDF1B973F0F00839F28 /* ELCAlbumPickerController.xib in Resources */ = {isa = PBXBuildFile; fileRef = A4DA9CD31B973F0F00839F28 /* ELCAlbumPickerController.xib */; };
		A4DA9CE01B973F0F00839F28 /* ELCAssetPicker.xib in Resources */ = {isa = PBXBuildFile; fileRef = A4DA9CD41B973F0F00839F28 /* ELCAssetPicker.xib */; };
		A4DA9CE11B973F0F00839F28 /* ELCAssetTablePicker.xib in Resources */ = {isa = PBXBuildFile; fileRef = A4DA9CD51B973F0F00839F28 /* ELCAssetTablePicker.xib */; };
		A4DA9CE21B973F0F00839F28 /* Overlay.png in Resources */ = {isa = PBXBuildFile; fileRef = A4DA9CD61B973F0F00839F28 /* Overlay.png */; };
		A4DA9CE31B973F0F00839F28 /* Overlay@2x.png in Resources */ = {isa = PBXBuildFile; fileRef = A4DA9CD71B973F0F00839F28 /* Overlay@2x.png */; };
		A4E759BB1B9083120076D250 /* SettingsTableController.swift in Sources */ = {isa = PBXBuildFile; fileRef = A4E759BA1B9083120076D250 /* SettingsTableController.swift */; };
		A4EFEAED1B89C76900BED386 /* DurationPickerController.swift in Sources */ = {isa = PBXBuildFile; fileRef = A4EFEAEC1B89C76900BED386 /* DurationPickerController.swift */; };
		A4F057AD1B98A42F008FB9D0 /* TagMark+CoreDataProperties.swift in Sources */ = {isa = PBXBuildFile; fileRef = A4F057AB1B98A42E008FB9D0 /* TagMark+CoreDataProperties.swift */; };
		A4F057AE1B98A42F008FB9D0 /* TagMark.swift in Sources */ = {isa = PBXBuildFile; fileRef = A4F057AC1B98A42E008FB9D0 /* TagMark.swift */; };
		A4F057B01B98AA2C008FB9D0 /* VideoClip+CoreDataProperties.swift in Sources */ = {isa = PBXBuildFile; fileRef = A4F057AF1B98AA2C008FB9D0 /* VideoClip+CoreDataProperties.swift */; };
		A4FF46631B46B54100A12267 /* VideoVC.swift in Sources */ = {isa = PBXBuildFile; fileRef = A4FF46621B46B54100A12267 /* VideoVC.swift */; };
		A4FF46671B46B6B100A12267 /* VideoClip.swift in Sources */ = {isa = PBXBuildFile; fileRef = A4FF46651B46B6B100A12267 /* VideoClip.swift */; };
/* End PBXBuildFile section */

/* Begin PBXContainerItemProxy section */
		A4664ACE1B444BA90095B27D /* PBXContainerItemProxy */ = {
			isa = PBXContainerItemProxy;
			containerPortal = A4664AAE1B444BA80095B27D /* Project object */;
			proxyType = 1;
			remoteGlobalIDString = A4664AB51B444BA80095B27D;
			remoteInfo = VideoClipper;
		};
		A4664AD91B444BA90095B27D /* PBXContainerItemProxy */ = {
			isa = PBXContainerItemProxy;
			containerPortal = A4664AAE1B444BA80095B27D /* Project object */;
			proxyType = 1;
			remoteGlobalIDString = A4664AB51B444BA80095B27D;
			remoteInfo = VideoClipper;
		};
/* End PBXContainerItemProxy section */

/* Begin PBXFileReference section */
		A404A52C1B8118AA00B82B29 /* AVPlayerItem+THAdditions.h */ = {isa = PBXFileReference; fileEncoding = 4; lastKnownFileType = sourcecode.c.h; path = "AVPlayerItem+THAdditions.h"; sourceTree = "<group>"; };
		A404A52D1B8118AA00B82B29 /* AVPlayerItem+THAdditions.m */ = {isa = PBXFileReference; fileEncoding = 4; lastKnownFileType = sourcecode.c.objc; path = "AVPlayerItem+THAdditions.m"; sourceTree = "<group>"; };
		A404A52F1B81CBA000B82B29 /* StoryElementVC.swift */ = {isa = PBXFileReference; fileEncoding = 4; lastKnownFileType = sourcecode.swift; path = StoryElementVC.swift; sourceTree = "<group>"; };
		A42BDD4D1B67BAA6003CA999 /* ALAssetsLibrary+CustomPhotoAlbum.h */ = {isa = PBXFileReference; fileEncoding = 4; lastKnownFileType = sourcecode.c.h; path = "ALAssetsLibrary+CustomPhotoAlbum.h"; sourceTree = "<group>"; };
		A42BDD4E1B67BAA6003CA999 /* ALAssetsLibrary+CustomPhotoAlbum.m */ = {isa = PBXFileReference; fileEncoding = 4; lastKnownFileType = sourcecode.c.objc; path = "ALAssetsLibrary+CustomPhotoAlbum.m"; sourceTree = "<group>"; };
		A42BDD541B67EF97003CA999 /* StoryLine+CoreDataProperties.swift */ = {isa = PBXFileReference; fileEncoding = 4; lastKnownFileType = sourcecode.swift; path = "StoryLine+CoreDataProperties.swift"; sourceTree = "<group>"; };
		A42BDD551B67EF97003CA999 /* StoryLine.swift */ = {isa = PBXFileReference; fileEncoding = 4; lastKnownFileType = sourcecode.swift; path = StoryLine.swift; sourceTree = "<group>"; };
		A44094E71B5CE6250061AF97 /* TitleCard.swift */ = {isa = PBXFileReference; fileEncoding = 4; lastKnownFileType = sourcecode.swift; path = TitleCard.swift; sourceTree = "<group>"; };
		A44121111B96048500BBB020 /* FilmstripView.swift */ = {isa = PBXFileReference; fileEncoding = 4; lastKnownFileType = sourcecode.swift; path = FilmstripView.swift; sourceTree = "<group>"; };
		A44C2DA91B4ACE9E00985D5C /* DraggableCollectionViewCell.swift */ = {isa = PBXFileReference; fileEncoding = 4; lastKnownFileType = sourcecode.swift; path = DraggableCollectionViewCell.swift; sourceTree = "<group>"; };
		A44CE8F11B600B2D00953B7F /* VideoClipper-Bridging-Header.h */ = {isa = PBXFileReference; lastKnownFileType = sourcecode.c.h; path = "VideoClipper-Bridging-Header.h"; sourceTree = "<group>"; };
		A44CE8F21B600B2E00953B7F /* VideoHelper.m */ = {isa = PBXFileReference; fileEncoding = 4; lastKnownFileType = sourcecode.c.objc; path = VideoHelper.m; sourceTree = "<group>"; };
		A44CE8F41B600B5300953B7F /* VideoHelper.h */ = {isa = PBXFileReference; lastKnownFileType = sourcecode.c.h; path = VideoHelper.h; sourceTree = "<group>"; };
		A4664AB61B444BA80095B27D /* VideoClipper.app */ = {isa = PBXFileReference; explicitFileType = wrapper.application; includeInIndex = 0; path = VideoClipper.app; sourceTree = BUILT_PRODUCTS_DIR; };
		A4664AB91B444BA80095B27D /* AppDelegate.swift */ = {isa = PBXFileReference; lastKnownFileType = sourcecode.swift; path = AppDelegate.swift; sourceTree = "<group>"; };
		A4664ABE1B444BA80095B27D /* Base */ = {isa = PBXFileReference; lastKnownFileType = file.storyboard; name = Base; path = Base.lproj/Main.storyboard; sourceTree = "<group>"; };
		A4664AC11B444BA80095B27D /* VideoClipper.xcdatamodel */ = {isa = PBXFileReference; lastKnownFileType = wrapper.xcdatamodel; path = VideoClipper.xcdatamodel; sourceTree = "<group>"; };
		A4664AC31B444BA80095B27D /* Assets.xcassets */ = {isa = PBXFileReference; lastKnownFileType = folder.assetcatalog; path = Assets.xcassets; sourceTree = "<group>"; };
		A4664AC61B444BA80095B27D /* Base */ = {isa = PBXFileReference; lastKnownFileType = file.storyboard; name = Base; path = Base.lproj/LaunchScreen.storyboard; sourceTree = "<group>"; };
		A4664AC81B444BA80095B27D /* Info.plist */ = {isa = PBXFileReference; lastKnownFileType = text.plist.xml; path = Info.plist; sourceTree = "<group>"; };
		A4664ACD1B444BA90095B27D /* VideoClipperTests.xctest */ = {isa = PBXFileReference; explicitFileType = wrapper.cfbundle; includeInIndex = 0; path = VideoClipperTests.xctest; sourceTree = BUILT_PRODUCTS_DIR; };
		A4664AD11B444BA90095B27D /* VideoClipperTests.swift */ = {isa = PBXFileReference; lastKnownFileType = sourcecode.swift; path = VideoClipperTests.swift; sourceTree = "<group>"; };
		A4664AD31B444BA90095B27D /* Info.plist */ = {isa = PBXFileReference; lastKnownFileType = text.plist.xml; path = Info.plist; sourceTree = "<group>"; };
		A4664AD81B444BA90095B27D /* VideoClipperUITests.xctest */ = {isa = PBXFileReference; explicitFileType = wrapper.cfbundle; includeInIndex = 0; path = VideoClipperUITests.xctest; sourceTree = BUILT_PRODUCTS_DIR; };
		A4664ADC1B444BA90095B27D /* VideoClipperUITests.swift */ = {isa = PBXFileReference; lastKnownFileType = sourcecode.swift; path = VideoClipperUITests.swift; sourceTree = "<group>"; };
		A4664ADE1B444BA90095B27D /* Info.plist */ = {isa = PBXFileReference; lastKnownFileType = text.plist.xml; path = Info.plist; sourceTree = "<group>"; };
		A4664AEA1B452D680095B27D /* ProjectsVC.swift */ = {isa = PBXFileReference; fileEncoding = 4; lastKnownFileType = sourcecode.swift; path = ProjectsVC.swift; sourceTree = "<group>"; };
		A4664AEB1B452D680095B27D /* ProjectVC.swift */ = {isa = PBXFileReference; fileEncoding = 4; lastKnownFileType = sourcecode.swift; path = ProjectVC.swift; sourceTree = "<group>"; };
		A4664AED1B452D680095B27D /* StoryLinesTableController.swift */ = {isa = PBXFileReference; fileEncoding = 4; lastKnownFileType = sourcecode.swift; path = StoryLinesTableController.swift; sourceTree = "<group>"; };
		A4664AEF1B452D680095B27D /* ProjectTableCell.swift */ = {isa = PBXFileReference; fileEncoding = 4; lastKnownFileType = sourcecode.swift; path = ProjectTableCell.swift; sourceTree = "<group>"; };
		A4664AF11B452D680095B27D /* StoryLineCell.swift */ = {isa = PBXFileReference; fileEncoding = 4; lastKnownFileType = sourcecode.swift; path = StoryLineCell.swift; sourceTree = "<group>"; };
		A4664AF21B452D680095B27D /* StoryElementCollectionCell.swift */ = {isa = PBXFileReference; fileEncoding = 4; lastKnownFileType = sourcecode.swift; path = StoryElementCollectionCell.swift; sourceTree = "<group>"; };
		A4664AF31B452D680095B27D /* TitleCardCollectionCell.swift */ = {isa = PBXFileReference; fileEncoding = 4; lastKnownFileType = sourcecode.swift; path = TitleCardCollectionCell.swift; sourceTree = "<group>"; };
		A4664AF41B452D680095B27D /* VideoCollectionCell.swift */ = {isa = PBXFileReference; fileEncoding = 4; lastKnownFileType = sourcecode.swift; path = VideoCollectionCell.swift; sourceTree = "<group>"; };
		A4664AF51B452D680095B27D /* TitleCardVC.swift */ = {isa = PBXFileReference; fileEncoding = 4; lastKnownFileType = sourcecode.swift; path = TitleCardVC.swift; sourceTree = "<group>"; };
		A466D0F71B9DACC900CB55D1 /* VideoClipper_01.xcdatamodel */ = {isa = PBXFileReference; lastKnownFileType = wrapper.xcdatamodel; path = VideoClipper_01.xcdatamodel; sourceTree = "<group>"; };
		A481EFD11B5D42940051ED93 /* TextWidget+CoreDataProperties.swift */ = {isa = PBXFileReference; fileEncoding = 4; lastKnownFileType = sourcecode.swift; path = "TextWidget+CoreDataProperties.swift"; sourceTree = "<group>"; };
		A481EFD21B5D42940051ED93 /* TextWidget.swift */ = {isa = PBXFileReference; fileEncoding = 4; lastKnownFileType = sourcecode.swift; path = TextWidget.swift; sourceTree = "<group>"; };
		A48D3B501B78DCA1007D1D79 /* SecondaryViewController.swift */ = {isa = PBXFileReference; fileEncoding = 4; lastKnownFileType = sourcecode.swift; path = SecondaryViewController.swift; sourceTree = "<group>"; };
		A48F8B151B9C5F240091D607 /* KPCameraButton.h */ = {isa = PBXFileReference; fileEncoding = 4; lastKnownFileType = sourcecode.c.h; path = KPCameraButton.h; sourceTree = "<group>"; };
		A48F8B161B9C5F240091D607 /* KPCameraButton.m */ = {isa = PBXFileReference; fileEncoding = 4; lastKnownFileType = sourcecode.c.objc; path = KPCameraButton.m; sourceTree = "<group>"; };
		A48F8B181B9C63A10091D607 /* CaptureVC.swift */ = {isa = PBXFileReference; fileEncoding = 4; lastKnownFileType = sourcecode.swift; path = CaptureVC.swift; sourceTree = "<group>"; };
		A497B5431B94CDF6002BE93C /* VideoPlayerView.swift */ = {isa = PBXFileReference; fileEncoding = 4; lastKnownFileType = sourcecode.swift; path = VideoPlayerView.swift; sourceTree = "<group>"; };
		A4A5F7A61B453C3F0090E98A /* StoryElement.swift */ = {isa = PBXFileReference; fileEncoding = 4; lastKnownFileType = sourcecode.swift; path = StoryElement.swift; sourceTree = "<group>"; };
		A4A5F7A71B453C3F0090E98A /* StoryElement+CoreDataProperties.swift */ = {isa = PBXFileReference; fileEncoding = 4; lastKnownFileType = sourcecode.swift; path = "StoryElement+CoreDataProperties.swift"; sourceTree = "<group>"; };
		A4AAF6A41B8B4A3C006391DE /* Fabric.framework */ = {isa = PBXFileReference; lastKnownFileType = wrapper.framework; path = Fabric.framework; sourceTree = "<group>"; };
		A4AAF6A51B8B4A3C006391DE /* Crashlytics.framework */ = {isa = PBXFileReference; lastKnownFileType = wrapper.framework; path = Crashlytics.framework; sourceTree = "<group>"; };
		A4BC7F301B6906B100D86E99 /* MBProgressHUD.h */ = {isa = PBXFileReference; fileEncoding = 4; lastKnownFileType = sourcecode.c.h; path = MBProgressHUD.h; sourceTree = "<group>"; };
		A4BC7F311B6906B100D86E99 /* MBProgressHUD.m */ = {isa = PBXFileReference; fileEncoding = 4; lastKnownFileType = sourcecode.c.objc; path = MBProgressHUD.m; sourceTree = "<group>"; };
		A4BC7F331B6A1BE400D86E99 /* Project+CoreDataProperties.swift */ = {isa = PBXFileReference; fileEncoding = 4; lastKnownFileType = sourcecode.swift; path = "Project+CoreDataProperties.swift"; sourceTree = "<group>"; };
		A4BC7F341B6A1BE400D86E99 /* Project.swift */ = {isa = PBXFileReference; fileEncoding = 4; lastKnownFileType = sourcecode.swift; path = Project.swift; sourceTree = "<group>"; };
		A4CECB711B9464A100D8B342 /* AAPLTimedAnnotationWriter.h */ = {isa = PBXFileReference; fileEncoding = 4; lastKnownFileType = sourcecode.c.h; path = AAPLTimedAnnotationWriter.h; sourceTree = "<group>"; };
		A4CECB721B9464A100D8B342 /* AAPLTimedAnnotationWriter.m */ = {isa = PBXFileReference; fileEncoding = 4; lastKnownFileType = sourcecode.c.objc; path = AAPLTimedAnnotationWriter.m; sourceTree = "<group>"; };
		A4D095B21B9092BA008F4316 /* ColorPickerViewController.swift */ = {isa = PBXFileReference; fileEncoding = 4; lastKnownFileType = sourcecode.swift; path = ColorPickerViewController.swift; sourceTree = "<group>"; };
		A4D095B41B9094B1008F4316 /* colorPalette.plist */ = {isa = PBXFileReference; fileEncoding = 4; lastKnownFileType = text.plist.xml; path = colorPalette.plist; sourceTree = "<group>"; };
		A4D095B61B90A3F4008F4316 /* TitleCard+CoreDataProperties.swift */ = {isa = PBXFileReference; fileEncoding = 4; lastKnownFileType = sourcecode.swift; path = "TitleCard+CoreDataProperties.swift"; sourceTree = "<group>"; };
		A4D0AB871B9CB8D4002C0BD9 /* PBJGLProgram.h */ = {isa = PBXFileReference; fileEncoding = 4; lastKnownFileType = sourcecode.c.h; path = PBJGLProgram.h; sourceTree = "<group>"; };
		A4D0AB881B9CB8D4002C0BD9 /* PBJGLProgram.m */ = {isa = PBXFileReference; fileEncoding = 4; lastKnownFileType = sourcecode.c.objc; path = PBJGLProgram.m; sourceTree = "<group>"; };
		A4D0AB891B9CB8D4002C0BD9 /* PBJMediaWriter.h */ = {isa = PBXFileReference; fileEncoding = 4; lastKnownFileType = sourcecode.c.h; path = PBJMediaWriter.h; sourceTree = "<group>"; };
		A4D0AB8A1B9CB8D4002C0BD9 /* PBJMediaWriter.m */ = {isa = PBXFileReference; fileEncoding = 4; lastKnownFileType = sourcecode.c.objc; path = PBJMediaWriter.m; sourceTree = "<group>"; };
		A4D0AB8B1B9CB8D4002C0BD9 /* PBJVision.h */ = {isa = PBXFileReference; fileEncoding = 4; lastKnownFileType = sourcecode.c.h; path = PBJVision.h; sourceTree = "<group>"; };
		A4D0AB8C1B9CB8D4002C0BD9 /* PBJVision.m */ = {isa = PBXFileReference; fileEncoding = 4; lastKnownFileType = sourcecode.c.objc; path = PBJVision.m; sourceTree = "<group>"; };
		A4D0AB8D1B9CB8D4002C0BD9 /* PBJVisionUtilities.h */ = {isa = PBXFileReference; fileEncoding = 4; lastKnownFileType = sourcecode.c.h; path = PBJVisionUtilities.h; sourceTree = "<group>"; };
		A4D0AB8E1B9CB8D4002C0BD9 /* PBJVisionUtilities.m */ = {isa = PBXFileReference; fileEncoding = 4; lastKnownFileType = sourcecode.c.objc; path = PBJVisionUtilities.m; sourceTree = "<group>"; };
		A4D0AB901B9CB8D4002C0BD9 /* Shader.fsh */ = {isa = PBXFileReference; fileEncoding = 4; lastKnownFileType = sourcecode.glsl; path = Shader.fsh; sourceTree = "<group>"; };
		A4D0AB911B9CB8D4002C0BD9 /* Shader.vsh */ = {isa = PBXFileReference; fileEncoding = 4; lastKnownFileType = sourcecode.glsl; path = Shader.vsh; sourceTree = "<group>"; };
		A4DA9CBE1B971C2200839F28 /* StoryElementPageViewController.swift */ = {isa = PBXFileReference; fileEncoding = 4; lastKnownFileType = sourcecode.swift; path = StoryElementPageViewController.swift; sourceTree = "<group>"; };
		A4DA9CC11B973F0F00839F28 /* ELCAlbumPickerController.h */ = {isa = PBXFileReference; fileEncoding = 4; lastKnownFileType = sourcecode.c.h; path = ELCAlbumPickerController.h; sourceTree = "<group>"; };
		A4DA9CC21B973F0F00839F28 /* ELCAlbumPickerController.m */ = {isa = PBXFileReference; fileEncoding = 4; lastKnownFileType = sourcecode.c.objc; path = ELCAlbumPickerController.m; sourceTree = "<group>"; };
		A4DA9CC31B973F0F00839F28 /* ELCAsset.h */ = {isa = PBXFileReference; fileEncoding = 4; lastKnownFileType = sourcecode.c.h; path = ELCAsset.h; sourceTree = "<group>"; };
		A4DA9CC41B973F0F00839F28 /* ELCAsset.m */ = {isa = PBXFileReference; fileEncoding = 4; lastKnownFileType = sourcecode.c.objc; path = ELCAsset.m; sourceTree = "<group>"; };
		A4DA9CC51B973F0F00839F28 /* ELCAssetCell.h */ = {isa = PBXFileReference; fileEncoding = 4; lastKnownFileType = sourcecode.c.h; path = ELCAssetCell.h; sourceTree = "<group>"; };
		A4DA9CC61B973F0F00839F28 /* ELCAssetCell.m */ = {isa = PBXFileReference; fileEncoding = 4; lastKnownFileType = sourcecode.c.objc; path = ELCAssetCell.m; sourceTree = "<group>"; };
		A4DA9CC71B973F0F00839F28 /* ELCAssetPickerFilterDelegate.h */ = {isa = PBXFileReference; fileEncoding = 4; lastKnownFileType = sourcecode.c.h; path = ELCAssetPickerFilterDelegate.h; sourceTree = "<group>"; };
		A4DA9CC81B973F0F00839F28 /* ELCAssetSelectionDelegate.h */ = {isa = PBXFileReference; fileEncoding = 4; lastKnownFileType = sourcecode.c.h; path = ELCAssetSelectionDelegate.h; sourceTree = "<group>"; };
		A4DA9CC91B973F0F00839F28 /* ELCAssetTablePicker.h */ = {isa = PBXFileReference; fileEncoding = 4; lastKnownFileType = sourcecode.c.h; path = ELCAssetTablePicker.h; sourceTree = "<group>"; };
		A4DA9CCA1B973F0F00839F28 /* ELCAssetTablePicker.m */ = {isa = PBXFileReference; fileEncoding = 4; lastKnownFileType = sourcecode.c.objc; path = ELCAssetTablePicker.m; sourceTree = "<group>"; };
		A4DA9CCB1B973F0F00839F28 /* ELCConsole.h */ = {isa = PBXFileReference; fileEncoding = 4; lastKnownFileType = sourcecode.c.h; path = ELCConsole.h; sourceTree = "<group>"; };
		A4DA9CCC1B973F0F00839F28 /* ELCConsole.m */ = {isa = PBXFileReference; fileEncoding = 4; lastKnownFileType = sourcecode.c.objc; path = ELCConsole.m; sourceTree = "<group>"; };
		A4DA9CCD1B973F0F00839F28 /* ELCImagePickerController.h */ = {isa = PBXFileReference; fileEncoding = 4; lastKnownFileType = sourcecode.c.h; path = ELCImagePickerController.h; sourceTree = "<group>"; };
		A4DA9CCE1B973F0F00839F28 /* ELCImagePickerController.m */ = {isa = PBXFileReference; fileEncoding = 4; lastKnownFileType = sourcecode.c.objc; path = ELCImagePickerController.m; sourceTree = "<group>"; };
		A4DA9CCF1B973F0F00839F28 /* ELCImagePickerHeader.h */ = {isa = PBXFileReference; fileEncoding = 4; lastKnownFileType = sourcecode.c.h; path = ELCImagePickerHeader.h; sourceTree = "<group>"; };
		A4DA9CD01B973F0F00839F28 /* ELCOverlayImageView.h */ = {isa = PBXFileReference; fileEncoding = 4; lastKnownFileType = sourcecode.c.h; path = ELCOverlayImageView.h; sourceTree = "<group>"; };
		A4DA9CD11B973F0F00839F28 /* ELCOverlayImageView.m */ = {isa = PBXFileReference; fileEncoding = 4; lastKnownFileType = sourcecode.c.objc; path = ELCOverlayImageView.m; sourceTree = "<group>"; };
		A4DA9CD31B973F0F00839F28 /* ELCAlbumPickerController.xib */ = {isa = PBXFileReference; fileEncoding = 4; lastKnownFileType = file.xib; path = ELCAlbumPickerController.xib; sourceTree = "<group>"; };
		A4DA9CD41B973F0F00839F28 /* ELCAssetPicker.xib */ = {isa = PBXFileReference; fileEncoding = 4; lastKnownFileType = file.xib; path = ELCAssetPicker.xib; sourceTree = "<group>"; };
		A4DA9CD51B973F0F00839F28 /* ELCAssetTablePicker.xib */ = {isa = PBXFileReference; fileEncoding = 4; lastKnownFileType = file.xib; path = ELCAssetTablePicker.xib; sourceTree = "<group>"; };
		A4DA9CD61B973F0F00839F28 /* Overlay.png */ = {isa = PBXFileReference; lastKnownFileType = image.png; path = Overlay.png; sourceTree = "<group>"; };
		A4DA9CD71B973F0F00839F28 /* Overlay@2x.png */ = {isa = PBXFileReference; lastKnownFileType = image.png; path = "Overlay@2x.png"; sourceTree = "<group>"; };
		A4E759BA1B9083120076D250 /* SettingsTableController.swift */ = {isa = PBXFileReference; fileEncoding = 4; lastKnownFileType = sourcecode.swift; path = SettingsTableController.swift; sourceTree = "<group>"; };
		A4EFEAEC1B89C76900BED386 /* DurationPickerController.swift */ = {isa = PBXFileReference; fileEncoding = 4; lastKnownFileType = sourcecode.swift; path = DurationPickerController.swift; sourceTree = "<group>"; };
		A4F057AB1B98A42E008FB9D0 /* TagMark+CoreDataProperties.swift */ = {isa = PBXFileReference; fileEncoding = 4; lastKnownFileType = sourcecode.swift; path = "TagMark+CoreDataProperties.swift"; sourceTree = "<group>"; };
		A4F057AC1B98A42E008FB9D0 /* TagMark.swift */ = {isa = PBXFileReference; fileEncoding = 4; lastKnownFileType = sourcecode.swift; path = TagMark.swift; sourceTree = "<group>"; };
		A4F057AF1B98AA2C008FB9D0 /* VideoClip+CoreDataProperties.swift */ = {isa = PBXFileReference; fileEncoding = 4; lastKnownFileType = sourcecode.swift; path = "VideoClip+CoreDataProperties.swift"; sourceTree = "<group>"; };
		A4FF46621B46B54100A12267 /* VideoVC.swift */ = {isa = PBXFileReference; fileEncoding = 4; lastKnownFileType = sourcecode.swift; path = VideoVC.swift; sourceTree = "<group>"; };
		A4FF46651B46B6B100A12267 /* VideoClip.swift */ = {isa = PBXFileReference; fileEncoding = 4; lastKnownFileType = sourcecode.swift; path = VideoClip.swift; sourceTree = "<group>"; };
/* End PBXFileReference section */

/* Begin PBXFrameworksBuildPhase section */
		A4664AB31B444BA80095B27D /* Frameworks */ = {
			isa = PBXFrameworksBuildPhase;
			buildActionMask = 2147483647;
			files = (
				A4AAF6A71B8B4A3C006391DE /* Crashlytics.framework in Frameworks */,
				A4AAF6A61B8B4A3C006391DE /* Fabric.framework in Frameworks */,
			);
			runOnlyForDeploymentPostprocessing = 0;
		};
		A4664ACA1B444BA90095B27D /* Frameworks */ = {
			isa = PBXFrameworksBuildPhase;
			buildActionMask = 2147483647;
			files = (
			);
			runOnlyForDeploymentPostprocessing = 0;
		};
		A4664AD51B444BA90095B27D /* Frameworks */ = {
			isa = PBXFrameworksBuildPhase;
			buildActionMask = 2147483647;
			files = (
			);
			runOnlyForDeploymentPostprocessing = 0;
		};
/* End PBXFrameworksBuildPhase section */

/* Begin PBXGroup section */
		A404A52B1B81189800B82B29 /* THFoundation */ = {
			isa = PBXGroup;
			children = (
				A4CECB711B9464A100D8B342 /* AAPLTimedAnnotationWriter.h */,
				A4CECB721B9464A100D8B342 /* AAPLTimedAnnotationWriter.m */,
				A404A52C1B8118AA00B82B29 /* AVPlayerItem+THAdditions.h */,
				A404A52D1B8118AA00B82B29 /* AVPlayerItem+THAdditions.m */,
			);
			name = THFoundation;
			sourceTree = "<group>";
		};
		A42BDD4C1B67BAA6003CA999 /* ALAssetsLibrary-CustomPhotoAlbum */ = {
			isa = PBXGroup;
			children = (
				A42BDD4D1B67BAA6003CA999 /* ALAssetsLibrary+CustomPhotoAlbum.h */,
				A42BDD4E1B67BAA6003CA999 /* ALAssetsLibrary+CustomPhotoAlbum.m */,
			);
			path = "ALAssetsLibrary-CustomPhotoAlbum";
			sourceTree = "<group>";
		};
		A4664AAD1B444BA80095B27D = {
			isa = PBXGroup;
			children = (
				A4AAF6A81B8B4C80006391DE /* Frameworks */,
				A4664AB81B444BA80095B27D /* VideoClipper */,
				A4664AD01B444BA90095B27D /* VideoClipperTests */,
				A4664ADB1B444BA90095B27D /* VideoClipperUITests */,
				A4664AB71B444BA80095B27D /* Products */,
			);
			sourceTree = "<group>";
		};
		A4664AB71B444BA80095B27D /* Products */ = {
			isa = PBXGroup;
			children = (
				A4664AB61B444BA80095B27D /* VideoClipper.app */,
				A4664ACD1B444BA90095B27D /* VideoClipperTests.xctest */,
				A4664AD81B444BA90095B27D /* VideoClipperUITests.xctest */,
			);
			name = Products;
			sourceTree = "<group>";
		};
		A4664AB81B444BA80095B27D /* VideoClipper */ = {
			isa = PBXGroup;
			children = (
				A4D0AB861B9CB8C3002C0BD9 /* Vision */,
				A48F8B141B9C5F180091D607 /* KPCCameraButton */,
				A4DA9CC01B973F0F00839F28 /* ELCImagePicker */,
				A404A52B1B81189800B82B29 /* THFoundation */,
				A4BC7F2F1B6906B100D86E99 /* MBProgressHUD */,
				A42BDD4C1B67BAA6003CA999 /* ALAssetsLibrary-CustomPhotoAlbum */,
				A4664B0D1B4539510095B27D /* Model */,
				A4664AB91B444BA80095B27D /* AppDelegate.swift */,
				A4664AEA1B452D680095B27D /* ProjectsVC.swift */,
				A4664AEB1B452D680095B27D /* ProjectVC.swift */,
				A4664AED1B452D680095B27D /* StoryLinesTableController.swift */,
				A4E759BA1B9083120076D250 /* SettingsTableController.swift */,
				A44CE8F21B600B2E00953B7F /* VideoHelper.m */,
				A44CE8F41B600B5300953B7F /* VideoHelper.h */,
				A4664AEF1B452D680095B27D /* ProjectTableCell.swift */,
				A4664AF11B452D680095B27D /* StoryLineCell.swift */,
				A4664AF21B452D680095B27D /* StoryElementCollectionCell.swift */,
				A4664AF31B452D680095B27D /* TitleCardCollectionCell.swift */,
				A4664AF41B452D680095B27D /* VideoCollectionCell.swift */,
				A404A52F1B81CBA000B82B29 /* StoryElementVC.swift */,
				A4664AF51B452D680095B27D /* TitleCardVC.swift */,
				A4FF46621B46B54100A12267 /* VideoVC.swift */,
				A497B5431B94CDF6002BE93C /* VideoPlayerView.swift */,
				A44121111B96048500BBB020 /* FilmstripView.swift */,
				A44C2DA91B4ACE9E00985D5C /* DraggableCollectionViewCell.swift */,
				A48D3B501B78DCA1007D1D79 /* SecondaryViewController.swift */,
				A4EFEAEC1B89C76900BED386 /* DurationPickerController.swift */,
				A4D095B21B9092BA008F4316 /* ColorPickerViewController.swift */,
				A4DA9CBE1B971C2200839F28 /* StoryElementPageViewController.swift */,
				A48F8B181B9C63A10091D607 /* CaptureVC.swift */,
				A4664ABD1B444BA80095B27D /* Main.storyboard */,
				A4664AC31B444BA80095B27D /* Assets.xcassets */,
				A4664AC51B444BA80095B27D /* LaunchScreen.storyboard */,
				A4664AC81B444BA80095B27D /* Info.plist */,
				A4D095B41B9094B1008F4316 /* colorPalette.plist */,
				A4664AC01B444BA80095B27D /* VideoClipper.xcdatamodeld */,
				A44CE8F11B600B2D00953B7F /* VideoClipper-Bridging-Header.h */,
			);
			path = VideoClipper;
			sourceTree = "<group>";
		};
		A4664AD01B444BA90095B27D /* VideoClipperTests */ = {
			isa = PBXGroup;
			children = (
				A4664AD11B444BA90095B27D /* VideoClipperTests.swift */,
				A4664AD31B444BA90095B27D /* Info.plist */,
			);
			path = VideoClipperTests;
			sourceTree = "<group>";
		};
		A4664ADB1B444BA90095B27D /* VideoClipperUITests */ = {
			isa = PBXGroup;
			children = (
				A4664ADC1B444BA90095B27D /* VideoClipperUITests.swift */,
				A4664ADE1B444BA90095B27D /* Info.plist */,
			);
			path = VideoClipperUITests;
			sourceTree = "<group>";
		};
		A4664B0D1B4539510095B27D /* Model */ = {
			isa = PBXGroup;
			children = (
				A4BC7F331B6A1BE400D86E99 /* Project+CoreDataProperties.swift */,
				A4BC7F341B6A1BE400D86E99 /* Project.swift */,
				A4A5F7A61B453C3F0090E98A /* StoryElement.swift */,
				A4A5F7A71B453C3F0090E98A /* StoryElement+CoreDataProperties.swift */,
				A42BDD541B67EF97003CA999 /* StoryLine+CoreDataProperties.swift */,
				A42BDD551B67EF97003CA999 /* StoryLine.swift */,
				A44094E71B5CE6250061AF97 /* TitleCard.swift */,
				A4D095B61B90A3F4008F4316 /* TitleCard+CoreDataProperties.swift */,
				A481EFD21B5D42940051ED93 /* TextWidget.swift */,
				A481EFD11B5D42940051ED93 /* TextWidget+CoreDataProperties.swift */,
				A4F057AF1B98AA2C008FB9D0 /* VideoClip+CoreDataProperties.swift */,
				A4FF46651B46B6B100A12267 /* VideoClip.swift */,
				A4F057AB1B98A42E008FB9D0 /* TagMark+CoreDataProperties.swift */,
				A4F057AC1B98A42E008FB9D0 /* TagMark.swift */,
			);
			name = Model;
			sourceTree = "<group>";
		};
		A48F8B141B9C5F180091D607 /* KPCCameraButton */ = {
			isa = PBXGroup;
			children = (
				A48F8B151B9C5F240091D607 /* KPCameraButton.h */,
				A48F8B161B9C5F240091D607 /* KPCameraButton.m */,
			);
			name = KPCCameraButton;
			sourceTree = "<group>";
		};
		A4AAF6A81B8B4C80006391DE /* Frameworks */ = {
			isa = PBXGroup;
			children = (
				A4AAF6A41B8B4A3C006391DE /* Fabric.framework */,
				A4AAF6A51B8B4A3C006391DE /* Crashlytics.framework */,
			);
			name = Frameworks;
			sourceTree = "<group>";
		};
		A4BC7F2F1B6906B100D86E99 /* MBProgressHUD */ = {
			isa = PBXGroup;
			children = (
				A4BC7F301B6906B100D86E99 /* MBProgressHUD.h */,
				A4BC7F311B6906B100D86E99 /* MBProgressHUD.m */,
			);
			path = MBProgressHUD;
			sourceTree = "<group>";
		};
		A4D0AB861B9CB8C3002C0BD9 /* Vision */ = {
			isa = PBXGroup;
			children = (
				A4D0AB871B9CB8D4002C0BD9 /* PBJGLProgram.h */,
				A4D0AB881B9CB8D4002C0BD9 /* PBJGLProgram.m */,
				A4D0AB891B9CB8D4002C0BD9 /* PBJMediaWriter.h */,
				A4D0AB8A1B9CB8D4002C0BD9 /* PBJMediaWriter.m */,
				A4D0AB8B1B9CB8D4002C0BD9 /* PBJVision.h */,
				A4D0AB8C1B9CB8D4002C0BD9 /* PBJVision.m */,
				A4D0AB8D1B9CB8D4002C0BD9 /* PBJVisionUtilities.h */,
				A4D0AB8E1B9CB8D4002C0BD9 /* PBJVisionUtilities.m */,
				A4D0AB8F1B9CB8D4002C0BD9 /* Shaders */,
			);
			name = Vision;
			sourceTree = "<group>";
		};
		A4D0AB8F1B9CB8D4002C0BD9 /* Shaders */ = {
			isa = PBXGroup;
			children = (
				A4D0AB901B9CB8D4002C0BD9 /* Shader.fsh */,
				A4D0AB911B9CB8D4002C0BD9 /* Shader.vsh */,
			);
			path = Shaders;
			sourceTree = "<group>";
		};
		A4DA9CC01B973F0F00839F28 /* ELCImagePicker */ = {
			isa = PBXGroup;
			children = (
				A4DA9CC11B973F0F00839F28 /* ELCAlbumPickerController.h */,
				A4DA9CC21B973F0F00839F28 /* ELCAlbumPickerController.m */,
				A4DA9CC31B973F0F00839F28 /* ELCAsset.h */,
				A4DA9CC41B973F0F00839F28 /* ELCAsset.m */,
				A4DA9CC51B973F0F00839F28 /* ELCAssetCell.h */,
				A4DA9CC61B973F0F00839F28 /* ELCAssetCell.m */,
				A4DA9CC71B973F0F00839F28 /* ELCAssetPickerFilterDelegate.h */,
				A4DA9CC81B973F0F00839F28 /* ELCAssetSelectionDelegate.h */,
				A4DA9CC91B973F0F00839F28 /* ELCAssetTablePicker.h */,
				A4DA9CCA1B973F0F00839F28 /* ELCAssetTablePicker.m */,
				A4DA9CCB1B973F0F00839F28 /* ELCConsole.h */,
				A4DA9CCC1B973F0F00839F28 /* ELCConsole.m */,
				A4DA9CCD1B973F0F00839F28 /* ELCImagePickerController.h */,
				A4DA9CCE1B973F0F00839F28 /* ELCImagePickerController.m */,
				A4DA9CCF1B973F0F00839F28 /* ELCImagePickerHeader.h */,
				A4DA9CD01B973F0F00839F28 /* ELCOverlayImageView.h */,
				A4DA9CD11B973F0F00839F28 /* ELCOverlayImageView.m */,
				A4DA9CD21B973F0F00839F28 /* Resources */,
			);
			path = ELCImagePicker;
			sourceTree = "<group>";
		};
		A4DA9CD21B973F0F00839F28 /* Resources */ = {
			isa = PBXGroup;
			children = (
				A4DA9CD31B973F0F00839F28 /* ELCAlbumPickerController.xib */,
				A4DA9CD41B973F0F00839F28 /* ELCAssetPicker.xib */,
				A4DA9CD51B973F0F00839F28 /* ELCAssetTablePicker.xib */,
				A4DA9CD61B973F0F00839F28 /* Overlay.png */,
				A4DA9CD71B973F0F00839F28 /* Overlay@2x.png */,
			);
			path = Resources;
			sourceTree = "<group>";
		};
/* End PBXGroup section */

/* Begin PBXNativeTarget section */
		A4664AB51B444BA80095B27D /* VideoClipper */ = {
			isa = PBXNativeTarget;
			buildConfigurationList = A4664AE11B444BA90095B27D /* Build configuration list for PBXNativeTarget "VideoClipper" */;
			buildPhases = (
				A4664AB21B444BA80095B27D /* Sources */,
				A4664AB31B444BA80095B27D /* Frameworks */,
				A4664AB41B444BA80095B27D /* Resources */,
				A4AAF6A31B8B49BE006391DE /* ShellScript */,
			);
			buildRules = (
			);
			dependencies = (
			);
			name = VideoClipper;
			productName = VideoClipper;
			productReference = A4664AB61B444BA80095B27D /* VideoClipper.app */;
			productType = "com.apple.product-type.application";
		};
		A4664ACC1B444BA90095B27D /* VideoClipperTests */ = {
			isa = PBXNativeTarget;
			buildConfigurationList = A4664AE41B444BA90095B27D /* Build configuration list for PBXNativeTarget "VideoClipperTests" */;
			buildPhases = (
				A4664AC91B444BA90095B27D /* Sources */,
				A4664ACA1B444BA90095B27D /* Frameworks */,
				A4664ACB1B444BA90095B27D /* Resources */,
			);
			buildRules = (
			);
			dependencies = (
				A4664ACF1B444BA90095B27D /* PBXTargetDependency */,
			);
			name = VideoClipperTests;
			productName = VideoClipperTests;
			productReference = A4664ACD1B444BA90095B27D /* VideoClipperTests.xctest */;
			productType = "com.apple.product-type.bundle.unit-test";
		};
		A4664AD71B444BA90095B27D /* VideoClipperUITests */ = {
			isa = PBXNativeTarget;
			buildConfigurationList = A4664AE71B444BA90095B27D /* Build configuration list for PBXNativeTarget "VideoClipperUITests" */;
			buildPhases = (
				A4664AD41B444BA90095B27D /* Sources */,
				A4664AD51B444BA90095B27D /* Frameworks */,
				A4664AD61B444BA90095B27D /* Resources */,
			);
			buildRules = (
			);
			dependencies = (
				A4664ADA1B444BA90095B27D /* PBXTargetDependency */,
			);
			name = VideoClipperUITests;
			productName = VideoClipperUITests;
			productReference = A4664AD81B444BA90095B27D /* VideoClipperUITests.xctest */;
			productType = "com.apple.product-type.bundle.ui-testing";
		};
/* End PBXNativeTarget section */

/* Begin PBXProject section */
		A4664AAE1B444BA80095B27D /* Project object */ = {
			isa = PBXProject;
			attributes = {
				LastSwiftUpdateCheck = 0700;
				LastUpgradeCheck = 0700;
				ORGANIZATIONNAME = "Germán Leiva";
				TargetAttributes = {
					A4664AB51B444BA80095B27D = {
						CreatedOnToolsVersion = 7.0;
						DevelopmentTeam = NJZSW7J9AZ;
					};
					A4664ACC1B444BA90095B27D = {
						CreatedOnToolsVersion = 7.0;
						TestTargetID = A4664AB51B444BA80095B27D;
					};
					A4664AD71B444BA90095B27D = {
						CreatedOnToolsVersion = 7.0;
						TestTargetID = A4664AB51B444BA80095B27D;
					};
				};
			};
			buildConfigurationList = A4664AB11B444BA80095B27D /* Build configuration list for PBXProject "VideoClipper" */;
			compatibilityVersion = "Xcode 3.2";
			developmentRegion = English;
			hasScannedForEncodings = 0;
			knownRegions = (
				en,
				Base,
			);
			mainGroup = A4664AAD1B444BA80095B27D;
			productRefGroup = A4664AB71B444BA80095B27D /* Products */;
			projectDirPath = "";
			projectRoot = "";
			targets = (
				A4664AB51B444BA80095B27D /* VideoClipper */,
				A4664ACC1B444BA90095B27D /* VideoClipperTests */,
				A4664AD71B444BA90095B27D /* VideoClipperUITests */,
			);
		};
/* End PBXProject section */

/* Begin PBXResourcesBuildPhase section */
		A4664AB41B444BA80095B27D /* Resources */ = {
			isa = PBXResourcesBuildPhase;
			buildActionMask = 2147483647;
			files = (
				A4D0AB961B9CB8D4002C0BD9 /* Shader.fsh in Resources */,
				A4664AC71B444BA80095B27D /* LaunchScreen.storyboard in Resources */,
				A4664AC41B444BA80095B27D /* Assets.xcassets in Resources */,
				A4DA9CE31B973F0F00839F28 /* Overlay@2x.png in Resources */,
				A4D0AB971B9CB8D4002C0BD9 /* Shader.vsh in Resources */,
				A4664ABF1B444BA80095B27D /* Main.storyboard in Resources */,
				A4DA9CDF1B973F0F00839F28 /* ELCAlbumPickerController.xib in Resources */,
				A4DA9CE01B973F0F00839F28 /* ELCAssetPicker.xib in Resources */,
				A4DA9CE21B973F0F00839F28 /* Overlay.png in Resources */,
				A4DA9CE11B973F0F00839F28 /* ELCAssetTablePicker.xib in Resources */,
				A4D095B51B9094B1008F4316 /* colorPalette.plist in Resources */,
			);
			runOnlyForDeploymentPostprocessing = 0;
		};
		A4664ACB1B444BA90095B27D /* Resources */ = {
			isa = PBXResourcesBuildPhase;
			buildActionMask = 2147483647;
			files = (
			);
			runOnlyForDeploymentPostprocessing = 0;
		};
		A4664AD61B444BA90095B27D /* Resources */ = {
			isa = PBXResourcesBuildPhase;
			buildActionMask = 2147483647;
			files = (
			);
			runOnlyForDeploymentPostprocessing = 0;
		};
/* End PBXResourcesBuildPhase section */

/* Begin PBXShellScriptBuildPhase section */
		A4AAF6A31B8B49BE006391DE /* ShellScript */ = {
			isa = PBXShellScriptBuildPhase;
			buildActionMask = 2147483647;
			files = (
			);
			inputPaths = (
			);
			outputPaths = (
			);
			runOnlyForDeploymentPostprocessing = 0;
			shellPath = /bin/sh;
			shellScript = "./Fabric.framework/run 7a48c5eafffa04172e50cbdf45ae661277282c7e a84715b5a8810674151c5660ce37a5b80c562a5d542e6b964b4b94eecf7b7ac8";
		};
/* End PBXShellScriptBuildPhase section */

/* Begin PBXSourcesBuildPhase section */
		A4664AB21B444BA80095B27D /* Sources */ = {
			isa = PBXSourcesBuildPhase;
			buildActionMask = 2147483647;
			files = (
				A4D0AB921B9CB8D4002C0BD9 /* PBJGLProgram.m in Sources */,
				A4A5F7B01B453C3F0090E98A /* StoryElement.swift in Sources */,
				A4FF46671B46B6B100A12267 /* VideoClip.swift in Sources */,
				A4664B011B452D680095B27D /* TitleCardVC.swift in Sources */,
				A4DA9CD91B973F0F00839F28 /* ELCAsset.m in Sources */,
				A4664AF91B452D680095B27D /* StoryLinesTableController.swift in Sources */,
				A4D0AB941B9CB8D4002C0BD9 /* PBJVision.m in Sources */,
				A4DA9CBF1B971C2200839F28 /* StoryElementPageViewController.swift in Sources */,
				A44121121B96048500BBB020 /* FilmstripView.swift in Sources */,
				A48D3B511B78DCA1007D1D79 /* SecondaryViewController.swift in Sources */,
				A4664AFB1B452D680095B27D /* ProjectTableCell.swift in Sources */,
				A4664AC21B444BA80095B27D /* VideoClipper.xcdatamodeld in Sources */,
				A4664AF61B452D680095B27D /* ProjectsVC.swift in Sources */,
				A481EFD41B5D42940051ED93 /* TextWidget.swift in Sources */,
				A4DA9CDB1B973F0F00839F28 /* ELCAssetTablePicker.m in Sources */,
				A48F8B171B9C5F240091D607 /* KPCameraButton.m in Sources */,
				A4664B001B452D680095B27D /* VideoCollectionCell.swift in Sources */,
				A42BDD561B67EF97003CA999 /* StoryLine+CoreDataProperties.swift in Sources */,
				A48F8B191B9C63A10091D607 /* CaptureVC.swift in Sources */,
				A4DA9CD81B973F0F00839F28 /* ELCAlbumPickerController.m in Sources */,
				A4664AF71B452D680095B27D /* ProjectVC.swift in Sources */,
				A4664AFD1B452D680095B27D /* StoryLineCell.swift in Sources */,
				A4EFEAED1B89C76900BED386 /* DurationPickerController.swift in Sources */,
				A4DA9CDC1B973F0F00839F28 /* ELCConsole.m in Sources */,
				A4CECB731B9464A100D8B342 /* AAPLTimedAnnotationWriter.m in Sources */,
				A4D0AB951B9CB8D4002C0BD9 /* PBJVisionUtilities.m in Sources */,
				A4DA9CDE1B973F0F00839F28 /* ELCOverlayImageView.m in Sources */,
				A4F057AD1B98A42F008FB9D0 /* TagMark+CoreDataProperties.swift in Sources */,
				A4F057B01B98AA2C008FB9D0 /* VideoClip+CoreDataProperties.swift in Sources */,
				A4D095B71B90A3F4008F4316 /* TitleCard+CoreDataProperties.swift in Sources */,
				A404A52E1B8118AA00B82B29 /* AVPlayerItem+THAdditions.m in Sources */,
				A4D0AB931B9CB8D4002C0BD9 /* PBJMediaWriter.m in Sources */,
				A4664AFE1B452D680095B27D /* StoryElementCollectionCell.swift in Sources */,
				A44C2DAA1B4ACE9E00985D5C /* DraggableCollectionViewCell.swift in Sources */,
				A44094E91B5CE6250061AF97 /* TitleCard.swift in Sources */,
				A4664ABA1B444BA80095B27D /* AppDelegate.swift in Sources */,
				A404A5301B81CBA000B82B29 /* StoryElementVC.swift in Sources */,
				A4D095B31B9092BA008F4316 /* ColorPickerViewController.swift in Sources */,
				A42BDD4F1B67BAA6003CA999 /* ALAssetsLibrary+CustomPhotoAlbum.m in Sources */,
				A42BDD571B67EF97003CA999 /* StoryLine.swift in Sources */,
				A4DA9CDA1B973F0F00839F28 /* ELCAssetCell.m in Sources */,
				A4DA9CDD1B973F0F00839F28 /* ELCImagePickerController.m in Sources */,
				A481EFD31B5D42940051ED93 /* TextWidget+CoreDataProperties.swift in Sources */,
				A4FF46631B46B54100A12267 /* VideoVC.swift in Sources */,
				A4A5F7B11B453C3F0090E98A /* StoryElement+CoreDataProperties.swift in Sources */,
				A44CE8F31B600B2E00953B7F /* VideoHelper.m in Sources */,
				A4E759BB1B9083120076D250 /* SettingsTableController.swift in Sources */,
				A4BC7F361B6A1BE400D86E99 /* Project.swift in Sources */,
				A4664AFF1B452D680095B27D /* TitleCardCollectionCell.swift in Sources */,
				A4BC7F321B6906B100D86E99 /* MBProgressHUD.m in Sources */,
				A4BC7F351B6A1BE400D86E99 /* Project+CoreDataProperties.swift in Sources */,
				A4F057AE1B98A42F008FB9D0 /* TagMark.swift in Sources */,
				A497B5441B94CDF6002BE93C /* VideoPlayerView.swift in Sources */,
			);
			runOnlyForDeploymentPostprocessing = 0;
		};
		A4664AC91B444BA90095B27D /* Sources */ = {
			isa = PBXSourcesBuildPhase;
			buildActionMask = 2147483647;
			files = (
				A4664AD21B444BA90095B27D /* VideoClipperTests.swift in Sources */,
			);
			runOnlyForDeploymentPostprocessing = 0;
		};
		A4664AD41B444BA90095B27D /* Sources */ = {
			isa = PBXSourcesBuildPhase;
			buildActionMask = 2147483647;
			files = (
				A4664ADD1B444BA90095B27D /* VideoClipperUITests.swift in Sources */,
			);
			runOnlyForDeploymentPostprocessing = 0;
		};
/* End PBXSourcesBuildPhase section */

/* Begin PBXTargetDependency section */
		A4664ACF1B444BA90095B27D /* PBXTargetDependency */ = {
			isa = PBXTargetDependency;
			target = A4664AB51B444BA80095B27D /* VideoClipper */;
			targetProxy = A4664ACE1B444BA90095B27D /* PBXContainerItemProxy */;
		};
		A4664ADA1B444BA90095B27D /* PBXTargetDependency */ = {
			isa = PBXTargetDependency;
			target = A4664AB51B444BA80095B27D /* VideoClipper */;
			targetProxy = A4664AD91B444BA90095B27D /* PBXContainerItemProxy */;
		};
/* End PBXTargetDependency section */

/* Begin PBXVariantGroup section */
		A4664ABD1B444BA80095B27D /* Main.storyboard */ = {
			isa = PBXVariantGroup;
			children = (
				A4664ABE1B444BA80095B27D /* Base */,
			);
			name = Main.storyboard;
			sourceTree = "<group>";
		};
		A4664AC51B444BA80095B27D /* LaunchScreen.storyboard */ = {
			isa = PBXVariantGroup;
			children = (
				A4664AC61B444BA80095B27D /* Base */,
			);
			name = LaunchScreen.storyboard;
			sourceTree = "<group>";
		};
/* End PBXVariantGroup section */

/* Begin XCBuildConfiguration section */
		A4664ADF1B444BA90095B27D /* Debug */ = {
			isa = XCBuildConfiguration;
			buildSettings = {
				ALWAYS_SEARCH_USER_PATHS = NO;
				CLANG_CXX_LANGUAGE_STANDARD = "gnu++0x";
				CLANG_CXX_LIBRARY = "libc++";
				CLANG_ENABLE_MODULES = YES;
				CLANG_ENABLE_OBJC_ARC = YES;
				CLANG_WARN_BOOL_CONVERSION = YES;
				CLANG_WARN_CONSTANT_CONVERSION = YES;
				CLANG_WARN_DIRECT_OBJC_ISA_USAGE = YES_ERROR;
				CLANG_WARN_EMPTY_BODY = YES;
				CLANG_WARN_ENUM_CONVERSION = YES;
				CLANG_WARN_INT_CONVERSION = YES;
				CLANG_WARN_OBJC_ROOT_CLASS = YES_ERROR;
				CLANG_WARN_UNREACHABLE_CODE = YES;
				CLANG_WARN__DUPLICATE_METHOD_MATCH = YES;
				"CODE_SIGN_IDENTITY[sdk=iphoneos*]" = "iPhone Developer";
				COPY_PHASE_STRIP = NO;
				DEBUG_INFORMATION_FORMAT = "dwarf-with-dsym";
				EMBEDDED_CONTENT_CONTAINS_SWIFT = NO;
				ENABLE_STRICT_OBJC_MSGSEND = YES;
				ENABLE_TESTABILITY = YES;
				FRAMEWORK_SEARCH_PATHS = "$(SRCROOT)/Carthage/Build/iOS";
				GCC_C_LANGUAGE_STANDARD = gnu99;
				GCC_DYNAMIC_NO_PIC = NO;
				GCC_NO_COMMON_BLOCKS = YES;
				GCC_OPTIMIZATION_LEVEL = 0;
				GCC_PREPROCESSOR_DEFINITIONS = (
					"DEBUG=1",
					"$(inherited)",
				);
				GCC_WARN_64_TO_32_BIT_CONVERSION = YES;
				GCC_WARN_ABOUT_RETURN_TYPE = YES_ERROR;
				GCC_WARN_UNDECLARED_SELECTOR = YES;
				GCC_WARN_UNINITIALIZED_AUTOS = YES_AGGRESSIVE;
				GCC_WARN_UNUSED_FUNCTION = YES;
				GCC_WARN_UNUSED_VARIABLE = YES;
				IPHONEOS_DEPLOYMENT_TARGET = 8.3;
				LIBRARY_SEARCH_PATHS = "$(SRCROOT)/Carthage/Build/iOS";
				MTL_ENABLE_DEBUG_INFO = YES;
				ONLY_ACTIVE_ARCH = YES;
				OTHER_LDFLAGS = "";
				SDKROOT = iphoneos;
				SWIFT_OPTIMIZATION_LEVEL = "-Onone";
				TARGETED_DEVICE_FAMILY = "1,2";
			};
			name = Debug;
		};
		A4664AE01B444BA90095B27D /* Release */ = {
			isa = XCBuildConfiguration;
			buildSettings = {
				ALWAYS_SEARCH_USER_PATHS = NO;
				CLANG_CXX_LANGUAGE_STANDARD = "gnu++0x";
				CLANG_CXX_LIBRARY = "libc++";
				CLANG_ENABLE_MODULES = YES;
				CLANG_ENABLE_OBJC_ARC = YES;
				CLANG_WARN_BOOL_CONVERSION = YES;
				CLANG_WARN_CONSTANT_CONVERSION = YES;
				CLANG_WARN_DIRECT_OBJC_ISA_USAGE = YES_ERROR;
				CLANG_WARN_EMPTY_BODY = YES;
				CLANG_WARN_ENUM_CONVERSION = YES;
				CLANG_WARN_INT_CONVERSION = YES;
				CLANG_WARN_OBJC_ROOT_CLASS = YES_ERROR;
				CLANG_WARN_UNREACHABLE_CODE = YES;
				CLANG_WARN__DUPLICATE_METHOD_MATCH = YES;
				"CODE_SIGN_IDENTITY[sdk=iphoneos*]" = "iPhone Developer";
				COPY_PHASE_STRIP = NO;
				DEBUG_INFORMATION_FORMAT = "dwarf-with-dsym";
				EMBEDDED_CONTENT_CONTAINS_SWIFT = NO;
				ENABLE_NS_ASSERTIONS = NO;
				ENABLE_STRICT_OBJC_MSGSEND = YES;
				FRAMEWORK_SEARCH_PATHS = "$(SRCROOT)/Carthage/Build/iOS";
				GCC_C_LANGUAGE_STANDARD = gnu99;
				GCC_NO_COMMON_BLOCKS = YES;
				GCC_WARN_64_TO_32_BIT_CONVERSION = YES;
				GCC_WARN_ABOUT_RETURN_TYPE = YES_ERROR;
				GCC_WARN_UNDECLARED_SELECTOR = YES;
				GCC_WARN_UNINITIALIZED_AUTOS = YES_AGGRESSIVE;
				GCC_WARN_UNUSED_FUNCTION = YES;
				GCC_WARN_UNUSED_VARIABLE = YES;
				IPHONEOS_DEPLOYMENT_TARGET = 8.3;
				LIBRARY_SEARCH_PATHS = "$(SRCROOT)/Carthage/Build/iOS";
				MTL_ENABLE_DEBUG_INFO = NO;
				OTHER_LDFLAGS = "";
				SDKROOT = iphoneos;
				TARGETED_DEVICE_FAMILY = "1,2";
				VALIDATE_PRODUCT = YES;
			};
			name = Release;
		};
		A4664AE21B444BA90095B27D /* Debug */ = {
			isa = XCBuildConfiguration;
			buildSettings = {
				ASSETCATALOG_COMPILER_APPICON_NAME = AppIcon;
				CLANG_ENABLE_MODULES = YES;
				CODE_SIGN_IDENTITY = "iPhone Developer";
				ENABLE_BITCODE = NO;
				FRAMEWORK_SEARCH_PATHS = "$(PROJECT_DIR)";
				INFOPLIST_FILE = VideoClipper/Info.plist;
				IPHONEOS_DEPLOYMENT_TARGET = 8.3;
				LD_RUNPATH_SEARCH_PATHS = "$(inherited) @executable_path/Frameworks";
				PRODUCT_BUNDLE_IDENTIFIER = fr.lri.exsitu.VideoClipper;
				PRODUCT_NAME = "$(TARGET_NAME)";
				SWIFT_OBJC_BRIDGING_HEADER = "VideoClipper/VideoClipper-Bridging-Header.h";
				SWIFT_OPTIMIZATION_LEVEL = "-Onone";
				TARGETED_DEVICE_FAMILY = 2;
			};
			name = Debug;
		};
		A4664AE31B444BA90095B27D /* Release */ = {
			isa = XCBuildConfiguration;
			buildSettings = {
				ASSETCATALOG_COMPILER_APPICON_NAME = AppIcon;
				CLANG_ENABLE_MODULES = YES;
				CODE_SIGN_IDENTITY = "iPhone Developer";
				ENABLE_BITCODE = NO;
				FRAMEWORK_SEARCH_PATHS = "$(PROJECT_DIR)";
				INFOPLIST_FILE = VideoClipper/Info.plist;
				IPHONEOS_DEPLOYMENT_TARGET = 8.3;
				LD_RUNPATH_SEARCH_PATHS = "$(inherited) @executable_path/Frameworks";
				PRODUCT_BUNDLE_IDENTIFIER = fr.lri.exsitu.VideoClipper;
				PRODUCT_NAME = "$(TARGET_NAME)";
				SWIFT_OBJC_BRIDGING_HEADER = "VideoClipper/VideoClipper-Bridging-Header.h";
				TARGETED_DEVICE_FAMILY = 2;
			};
			name = Release;
		};
		A4664AE51B444BA90095B27D /* Debug */ = {
			isa = XCBuildConfiguration;
			buildSettings = {
				BUNDLE_LOADER = "$(TEST_HOST)";
				INFOPLIST_FILE = VideoClipperTests/Info.plist;
				LD_RUNPATH_SEARCH_PATHS = "$(inherited) @executable_path/Frameworks @loader_path/Frameworks";
				PRODUCT_BUNDLE_IDENTIFIER = fr.lri.exsitu.VideoClipperTests;
				PRODUCT_NAME = "$(TARGET_NAME)";
				TEST_HOST = "$(BUILT_PRODUCTS_DIR)/VideoClipper.app/VideoClipper";
			};
			name = Debug;
		};
		A4664AE61B444BA90095B27D /* Release */ = {
			isa = XCBuildConfiguration;
			buildSettings = {
				BUNDLE_LOADER = "$(TEST_HOST)";
				INFOPLIST_FILE = VideoClipperTests/Info.plist;
				LD_RUNPATH_SEARCH_PATHS = "$(inherited) @executable_path/Frameworks @loader_path/Frameworks";
				PRODUCT_BUNDLE_IDENTIFIER = fr.lri.exsitu.VideoClipperTests;
				PRODUCT_NAME = "$(TARGET_NAME)";
				TEST_HOST = "$(BUILT_PRODUCTS_DIR)/VideoClipper.app/VideoClipper";
			};
			name = Release;
		};
		A4664AE81B444BA90095B27D /* Debug */ = {
			isa = XCBuildConfiguration;
			buildSettings = {
				INFOPLIST_FILE = VideoClipperUITests/Info.plist;
				LD_RUNPATH_SEARCH_PATHS = "$(inherited) @executable_path/Frameworks @loader_path/Frameworks";
				PRODUCT_BUNDLE_IDENTIFIER = fr.lri.exsitu.VideoClipperUITests;
				PRODUCT_NAME = "$(TARGET_NAME)";
				TEST_TARGET_NAME = VideoClipper;
				USES_XCTRUNNER = YES;
			};
			name = Debug;
		};
		A4664AE91B444BA90095B27D /* Release */ = {
			isa = XCBuildConfiguration;
			buildSettings = {
				INFOPLIST_FILE = VideoClipperUITests/Info.plist;
				LD_RUNPATH_SEARCH_PATHS = "$(inherited) @executable_path/Frameworks @loader_path/Frameworks";
				PRODUCT_BUNDLE_IDENTIFIER = fr.lri.exsitu.VideoClipperUITests;
				PRODUCT_NAME = "$(TARGET_NAME)";
				TEST_TARGET_NAME = VideoClipper;
				USES_XCTRUNNER = YES;
			};
			name = Release;
		};
/* End XCBuildConfiguration section */

/* Begin XCConfigurationList section */
		A4664AB11B444BA80095B27D /* Build configuration list for PBXProject "VideoClipper" */ = {
			isa = XCConfigurationList;
			buildConfigurations = (
				A4664ADF1B444BA90095B27D /* Debug */,
				A4664AE01B444BA90095B27D /* Release */,
			);
			defaultConfigurationIsVisible = 0;
			defaultConfigurationName = Release;
		};
		A4664AE11B444BA90095B27D /* Build configuration list for PBXNativeTarget "VideoClipper" */ = {
			isa = XCConfigurationList;
			buildConfigurations = (
				A4664AE21B444BA90095B27D /* Debug */,
				A4664AE31B444BA90095B27D /* Release */,
			);
			defaultConfigurationIsVisible = 0;
			defaultConfigurationName = Release;
		};
		A4664AE41B444BA90095B27D /* Build configuration list for PBXNativeTarget "VideoClipperTests" */ = {
			isa = XCConfigurationList;
			buildConfigurations = (
				A4664AE51B444BA90095B27D /* Debug */,
				A4664AE61B444BA90095B27D /* Release */,
			);
			defaultConfigurationIsVisible = 0;
			defaultConfigurationName = Release;
		};
		A4664AE71B444BA90095B27D /* Build configuration list for PBXNativeTarget "VideoClipperUITests" */ = {
			isa = XCConfigurationList;
			buildConfigurations = (
				A4664AE81B444BA90095B27D /* Debug */,
				A4664AE91B444BA90095B27D /* Release */,
			);
			defaultConfigurationIsVisible = 0;
			defaultConfigurationName = Release;
		};
/* End XCConfigurationList section */

/* Begin XCVersionGroup section */
		A4664AC01B444BA80095B27D /* VideoClipper.xcdatamodeld */ = {
			isa = XCVersionGroup;
			children = (
				A466D0F71B9DACC900CB55D1 /* VideoClipper_01.xcdatamodel */,
				A4664AC11B444BA80095B27D /* VideoClipper.xcdatamodel */,
			);
			currentVersion = A466D0F71B9DACC900CB55D1 /* VideoClipper_01.xcdatamodel */;
			path = VideoClipper.xcdatamodeld;
			sourceTree = "<group>";
			versionGroupType = wrapper.xcdatamodel;
		};
/* End XCVersionGroup section */
	};
	rootObject = A4664AAE1B444BA80095B27D /* Project object */;
}
